
Microsoft Visual Studio Solution File, Format Version 12.00
# Visual Studio 14
VisualStudioVersion = 14.0.25420.1
MinimumVisualStudioVersion = 10.0.40219.1
Project("{FAE04EC0-301F-11D3-BF4B-00C04F79EFBC}") = "KKServer", "KKServer.csproj", "{0E9262A8-FF02-40B6-821A-5F6B910C0D78}"
EndProject
Project("{FAE04EC0-301F-11D3-BF4B-00C04F79EFBC}") = "KKNetEngine", "..\..\..\KKNetEngine\C#\KKNetEngine\KKNetEngine.csproj", "{7CBD8402-539B-4B84-ABAB-FDC54621ECEB}"
EndProject
Project("{FAE04EC0-301F-11D3-BF4B-00C04F79EFBC}") = "Core", "..\Core\Core.csproj", "{D4C63445-B609-4827-B29A-2EFCFD276BD5}"
EndProject
Global
	GlobalSection(SolutionConfigurationPlatforms) = preSolution
		Debug|Any CPU = Debug|Any CPU
		Release|Any CPU = Release|Any CPU
	EndGlobalSection
	GlobalSection(ProjectConfigurationPlatforms) = postSolution
		{0E9262A8-FF02-40B6-821A-5F6B910C0D78}.Debug|Any CPU.ActiveCfg = Debug|Any CPU
		{0E9262A8-FF02-40B6-821A-5F6B910C0D78}.Debug|Any CPU.Build.0 = Debug|Any CPU
		{0E9262A8-FF02-40B6-821A-5F6B910C0D78}.Release|Any CPU.ActiveCfg = Release|Any CPU
		{0E9262A8-FF02-40B6-821A-5F6B910C0D78}.Release|Any CPU.Build.0 = Release|Any CPU
		{7CBD8402-539B-4B84-ABAB-FDC54621ECEB}.Debug|Any CPU.ActiveCfg = Debug|Any CPU
		{7CBD8402-539B-4B84-ABAB-FDC54621ECEB}.Debug|Any CPU.Build.0 = Debug|Any CPU
		{7CBD8402-539B-4B84-ABAB-FDC54621ECEB}.Release|Any CPU.ActiveCfg = Release|Any CPU
		{7CBD8402-539B-4B84-ABAB-FDC54621ECEB}.Release|Any CPU.Build.0 = Release|Any CPU
		{D4C63445-B609-4827-B29A-2EFCFD276BD5}.Debug|Any CPU.ActiveCfg = Debug|Any CPU
		{D4C63445-B609-4827-B29A-2EFCFD276BD5}.Debug|Any CPU.Build.0 = Debug|Any CPU
		{D4C63445-B609-4827-B29A-2EFCFD276BD5}.Release|Any CPU.ActiveCfg = Release|Any CPU
		{D4C63445-B609-4827-B29A-2EFCFD276BD5}.Release|Any CPU.Build.0 = Release|Any CPU
	EndGlobalSection
	GlobalSection(SolutionProperties) = preSolution
		HideSolutionNode = FALSE
	EndGlobalSection
EndGlobal
